github.com/golang/snappy v0.0.3/go.mod h1:/XxbfmMg8lxefKM7IXC3fBNl/7bRcc72aCRzEWrmP2Q=
github.com/herumi/bls-eth-go-binary v0.0.0-20200522010937-01d282b5380b h1:mu+F5uA3Y68oB6KXZqWlASKMetbNufhQx2stMI+sD+Y=
github.com/herumi/bls-eth-go-binary v0.0.0-20200522010937-01d282b5380b/go.mod h1:luAnRm3OsMQeokhGzpYmc0ZKwawY7o87PUEP11Z7r7U=
github.com/minio/sha256-simd v0.1.0 h1:U41/2erhAKcmSI14xh/ZTUdBPOzDOIfS93ibzUSl8KM=
github.com/minio/sha256-simd v0.1.0/go.mod h1:2FMWW+8GMoPweT6+pI63m9YE3Lmw4J71hV56Chs1E/U=
github.com/protolambda/ask v0.0.6 h1:efjIH61w/63P5hj3Su7QYObS3cEP/MyKCGaknfOr/qM=
github.com/protolambda/ask v0.0.6/go.mod h1:UEXk+8VL3EIkVTfI3j21uFv47fZFxk0Q1PwXV6zfzIw=
github.com/protolambda/messagediff v1.4.0 h1:fk6gxK7WybJCaeOFK1yuh2Ldplx7qYMLibiMwWFcSZY=
github.com/protolambda/messagediff v1.4.0/go.mod h1:LboJp0EwIbJsePYpzh5Op/9G1/4mIztMRYzzwR0dR2M=
github.com/protolambda/zrnt v0.16.4 h1:iWiGhw/Tb+05hT5BV+gcFEEwzs+UwJrpHUrZMEqb9CI=
github.com/protolambda/zrnt v0.16.4/go.mod h1:7fOYOhf5hndcnevKwUuUI8Ruj5t0dauywgHj4CXlDgA=
github.com/protolambda/ztyp v0.1.4/go.mod h1:u9yT4ioIokwlHrOfiZ52ezHfKdza3phxhTJix01vGgU=
github.com/protolambda/ztyp v0.1.8 h1:G7ViZLK2aEi2EaqNbeP/0v9/OW1denunBKZLESL6Ftc=
github.com/protolambda/ztyp v0.1.8/go.mod h1:u9yT4ioIokwlHrOfiZ52ezHfKdza3phxhTJix01vGgU=
github.com/spf13/pflag v1.0.5 h1:iy+VFUOCP1a+8yFto/drg2CJ5u0yRoB7fZw3DKv/JXA=
github.com/spf13/pflag v1.0.5/go.mod h1:McXfInJRrz4CZXVZOBLb0bTZqETkiAhM9Iw0y3An2Bg=
github.com/zilm13/zrnt v0.15.2-0.20210618084804-2afb8c50f25b h1:cHjaBiScLJKAaWJ290EckwNmh64ULik7Y6DECEfZmqQ=
github.com/zilm13/zrnt v0.15.2-0.20210618084804-2afb8c50f25b/go.mod h1:T4cL1wYKVUBx4cQEd0QtqljflTtxgdtyzca1LRDzvUE=
github.com/zilm13/zrnt v0.16.2-0.20210618092551-bd1d8a5d7f0b h1:cUPVb/G3GlAdcl0mFKNBHgq9gPM3Fsj274R7DAWHcfc=
github.com/zilm13/zrnt v0.16.2-0.20210618092551-bd1d8a5d7f0b/go.mod h1:0Gh/8oc9YWX1PjzFIOxHS5QNDrJ0KGslefNtwx6B1Us=
github.com/zilm13/zrnt v0.16.2-0.20210618093603-49c5f4420feb h1:jSSrb276Ex2QR5TGM1futmM00hlMeZO+aoq6GzTsPMI=
github.com/zilm13/zrnt v0.16.2-0.20210618093603-49c5f4420feb/go.mod h1:0Gh/8oc9YWX1PjzFIOxHS5QNDrJ0KGslefNtwx6B1Us=
github.com/zilm13/zrnt v0.16.2-0.20210618094032-084a3d40e495 h1:Qf318Pn0e+SR1I1+tB8aqD9nY3Q6ZToxT1yRa0skUVw=
github.com/zilm13/zrnt v0.16.2-0.20210618094032-084a3d40e495/go.mod h1:0Gh/8oc9YWX1PjzFIOxHS5QNDrJ0KGslefNtwx6B1Us=
github.com/zilm13/zrnt v0.16.2-0.20210618115936-eaa12debeb2f h1:PL3FHc+UbyI+0SA8VN8DhXn5Wj/rmSAG35f5uRs6+4E=
github.com/zilm13/zrnt v0.16.2-0.20210618115936-eaa12debeb2f/go.mod h1:0Gh/8oc9YWX1PjzFIOxHS5QNDrJ0KGslefNtwx6B1Us=
github.com/zilm13/zrnt v0.16.2-0.20210618123242-1fb2e8924078 h1:etPeoReoVO4bIt3/LCglZQvuQIm8cJ2ldoVPTbbs2UQ=
github.com/zilm13/zrnt v0.16.2-0.20210618123242-1fb2e8924078/go.mod h1:0Gh/8oc9YWX1PjzFIOxHS5QNDrJ0KGslefNtwx6B1Us=
github.com/zilm13/zrnt v0.16.2-0.20210618125611-7ca8b437d07a h1:ZK80+KPLnR/FlNhsXkzZAJ+NFoWXyGen/2q07Xs14/8=
github.com/zilm13/zrnt v0.16.2-0.20210618125611-7ca8b437d07a/go.mod h1:0Gh/8oc9YWX1PjzFIOxHS5QNDrJ0KGslefNtwx6B1Us=
github.com/zilm13/zrnt v0.16.2-0.20210618132020-ed9b45a1632b h1:o9sK5V9+qZ+AFhvi3FNVt5Jn23Fpc+DfK66IunvmNxI=
github.com/zilm13/zrnt v0.16.2-0.20210618132020-ed9b45a1632b/go.mod h1:0Gh/8oc9YWX1PjzFIOxHS5QNDrJ0KGslefNtwx6B1Us=
gopkg.in/check.v1 v0.0.0-20161208181325-20d25e280405 h1:yhCVgyC4o1eVCa2tZl7eS0r+SDo693bJlVdllGtEeKM=
gopkg.in/check.v1 v0.0.0-20161208181325-20d25e280405/go.mod h1:Co6ibVJAznAaIkqp8huTwlJQCZ016jof/cbN4VW5Yz0=
gopkg.in/yaml.v3 v3.0.0-20200615113413-eeeca48fe776 h1:tQIYjPdBoyREyB9XMu+nnTclpTYkz2zFM+lzLJFO4gQ=
gopkg.in/yaml.v3 v3.0.0-20200615113413-eeeca48fe776/go.mod h1:K4uyk7z7BCEPqu6E+C64Yfv1cQ7kz7rIZviUmN+EgEM=
